
Microsoft Visual Studio Solution File, Format Version 12.00
# Visual Studio Version 17
VisualStudioVersion = 17.0.31808.319
MinimumVisualStudioVersion = 10.0.40219.1
Project("{2150E333-8FDC-42A3-9474-1A3956D46DE8}") = "0 - Apresentacao", "0 - Apresentacao", "{7FA71622-C315-4E06-802E-58310CAC8488}"
EndProject
Project("{2150E333-8FDC-42A3-9474-1A3956D46DE8}") = "1 - Aplicacao", "1 - Aplicacao", "{12D6563B-A677-43CD-94F9-CF34942275C8}"
EndProject
Project("{2150E333-8FDC-42A3-9474-1A3956D46DE8}") = "2 -Servicos", "2 -Servicos", "{3F47CD70-DE24-4718-B4CD-32B2BA400224}"
EndProject
Project("{2150E333-8FDC-42A3-9474-1A3956D46DE8}") = "3 - Dominio", "3 - Dominio", "{F47AF66C-5548-470A-8D35-500A880D1A5B}"
EndProject
Project("{FAE04EC0-301F-11D3-BF4B-00C04F79EFBC}") = "LCesarAdvogados.MVC", "LCesarAdvogados.MVC\LCesarAdvogados.MVC.csproj", "{77157D16-15B9-4DDD-A7BE-856ABD093628}"
EndProject
Project("{FAE04EC0-301F-11D3-BF4B-00C04F79EFBC}") = "LCesarAdvogados.Dominio", "LCesarAdvogados.Dominio\LCesarAdvogados.Dominio.csproj", "{D20DC1D8-44B6-4EAD-BA29-3F26E11E77AA}"
EndProject
Project("{FAE04EC0-301F-11D3-BF4B-00C04F79EFBC}") = "LCesarAdvogados.Aplicacao", "LCesarAdvogados.Aplicacao\LCesarAdvogados.Aplicacao.csproj", "{80ED1CFB-2FF8-4606-939E-E1754C8B0146}"
EndProject
Project("{2150E333-8FDC-42A3-9474-1A3956D46DE8}") = "4 - Infra", "4 - Infra", "{7F4C0D49-60D2-4153-A96E-3453BFB0B76F}"
EndProject
Project("{2150E333-8FDC-42A3-9474-1A3956D46DE8}") = "4.1 - Data", "4.1 - Data", "{E4138B84-5E0C-4274-B324-DFB9AAA03EB0}"
EndProject
Project("{2150E333-8FDC-42A3-9474-1A3956D46DE8}") = "4.2 - CrossCutting", "4.2 - CrossCutting", "{7CDAFB63-AB9A-437B-B444-15E1CE40DD37}"
EndProject
Project("{FAE04EC0-301F-11D3-BF4B-00C04F79EFBC}") = "LCesarAdvogados.Infra", "LCesarAdvogados.Infra\LCesarAdvogados.Infra.csproj", "{38D541E9-15BC-42C6-833C-86FE1E2FAAEB}"
EndProject
Global
	GlobalSection(SolutionConfigurationPlatforms) = preSolution
		Debug|Any CPU = Debug|Any CPU
		Release|Any CPU = Release|Any CPU
	EndGlobalSection
	GlobalSection(ProjectConfigurationPlatforms) = postSolution
		{77157D16-15B9-4DDD-A7BE-856ABD093628}.Debug|Any CPU.ActiveCfg = Debug|Any CPU
		{77157D16-15B9-4DDD-A7BE-856ABD093628}.Debug|Any CPU.Build.0 = Debug|Any CPU
		{77157D16-15B9-4DDD-A7BE-856ABD093628}.Release|Any CPU.ActiveCfg = Release|Any CPU
		{77157D16-15B9-4DDD-A7BE-856ABD093628}.Release|Any CPU.Build.0 = Release|Any CPU
		{D20DC1D8-44B6-4EAD-BA29-3F26E11E77AA}.Debug|Any CPU.ActiveCfg = Debug|Any CPU
		{D20DC1D8-44B6-4EAD-BA29-3F26E11E77AA}.Debug|Any CPU.Build.0 = Debug|Any CPU
		{D20DC1D8-44B6-4EAD-BA29-3F26E11E77AA}.Release|Any CPU.ActiveCfg = Release|Any CPU
		{D20DC1D8-44B6-4EAD-BA29-3F26E11E77AA}.Release|Any CPU.Build.0 = Release|Any CPU
		{80ED1CFB-2FF8-4606-939E-E1754C8B0146}.Debug|Any CPU.ActiveCfg = Debug|Any CPU
		{80ED1CFB-2FF8-4606-939E-E1754C8B0146}.Debug|Any CPU.Build.0 = Debug|Any CPU
		{80ED1CFB-2FF8-4606-939E-E1754C8B0146}.Release|Any CPU.ActiveCfg = Release|Any CPU
		{80ED1CFB-2FF8-4606-939E-E1754C8B0146}.Release|Any CPU.Build.0 = Release|Any CPU
		{38D541E9-15BC-42C6-833C-86FE1E2FAAEB}.Debug|Any CPU.ActiveCfg = Debug|Any CPU
		{38D541E9-15BC-42C6-833C-86FE1E2FAAEB}.Debug|Any CPU.Build.0 = Debug|Any CPU
		{38D541E9-15BC-42C6-833C-86FE1E2FAAEB}.Release|Any CPU.ActiveCfg = Release|Any CPU
		{38D541E9-15BC-42C6-833C-86FE1E2FAAEB}.Release|Any CPU.Build.0 = Release|Any CPU
	EndGlobalSection
	GlobalSection(SolutionProperties) = preSolution
		HideSolutionNode = FALSE
	EndGlobalSection
	GlobalSection(NestedProjects) = preSolution
		{77157D16-15B9-4DDD-A7BE-856ABD093628} = {7FA71622-C315-4E06-802E-58310CAC8488}
		{D20DC1D8-44B6-4EAD-BA29-3F26E11E77AA} = {F47AF66C-5548-470A-8D35-500A880D1A5B}
		{80ED1CFB-2FF8-4606-939E-E1754C8B0146} = {12D6563B-A677-43CD-94F9-CF34942275C8}
		{E4138B84-5E0C-4274-B324-DFB9AAA03EB0} = {7F4C0D49-60D2-4153-A96E-3453BFB0B76F}
		{7CDAFB63-AB9A-437B-B444-15E1CE40DD37} = {7F4C0D49-60D2-4153-A96E-3453BFB0B76F}
		{38D541E9-15BC-42C6-833C-86FE1E2FAAEB} = {E4138B84-5E0C-4274-B324-DFB9AAA03EB0}
	EndGlobalSection
	GlobalSection(ExtensibilityGlobals) = postSolution
		SolutionGuid = {1569A5B5-457E-4DC3-A6EC-5374CDC1EE74}
	EndGlobalSection
EndGlobal
